
Microsoft Visual Studio Solution File, Format Version 12.00
# Visual Studio Version 17
VisualStudioVersion = 17.2.32602.215
MinimumVisualStudioVersion = 10.0.40219.1
Project("{9A19103F-16F7-4668-BE54-9A1E7A4F7556}") = "truck_register", "truck_register\truck_register.csproj", "{82DAD06B-4672-425F-92CA-C5AFE1B90001}"
EndProject
Project("{FAE04EC0-301F-11D3-BF4B-00C04F79EFBC}") = "truck_test", "truck_test\truck_test.csproj", "{787F2DA5-83BD-49AD-A9E3-6287BE1A6634}"
EndProject
Global
	GlobalSection(SolutionConfigurationPlatforms) = preSolution
		Debug|Any CPU = Debug|Any CPU
		Release|Any CPU = Release|Any CPU
	EndGlobalSection
	GlobalSection(ProjectConfigurationPlatforms) = postSolution
		{82DAD06B-4672-425F-92CA-C5AFE1B90001}.Debug|Any CPU.ActiveCfg = Debug|Any CPU
		{82DAD06B-4672-425F-92CA-C5AFE1B90001}.Debug|Any CPU.Build.0 = Debug|Any CPU
		{82DAD06B-4672-425F-92CA-C5AFE1B90001}.Release|Any CPU.ActiveCfg = Release|Any CPU
		{82DAD06B-4672-425F-92CA-C5AFE1B90001}.Release|Any CPU.Build.0 = Release|Any CPU
		{787F2DA5-83BD-49AD-A9E3-6287BE1A6634}.Debug|Any CPU.ActiveCfg = Debug|Any CPU
		{787F2DA5-83BD-49AD-A9E3-6287BE1A6634}.Debug|Any CPU.Build.0 = Debug|Any CPU
		{787F2DA5-83BD-49AD-A9E3-6287BE1A6634}.Release|Any CPU.ActiveCfg = Release|Any CPU
		{787F2DA5-83BD-49AD-A9E3-6287BE1A6634}.Release|Any CPU.Build.0 = Release|Any CPU
	EndGlobalSection
	GlobalSection(SolutionProperties) = preSolution
		HideSolutionNode = FALSE
	EndGlobalSection
	GlobalSection(ExtensibilityGlobals) = postSolution
		SolutionGuid = {8719728C-A795-43E7-8639-2A9979C4B064}
	EndGlobalSection
EndGlobal
